
Microsoft Visual Studio Solution File, Format Version 12.00
# Visual Studio Version 17
VisualStudioVersion = 17.4.33213.308
MinimumVisualStudioVersion = 10.0.40219.1
Project("{FAE04EC0-301F-11D3-BF4B-00C04F79EFBC}") = "MyToDoApp", "MyToDoApp\MyToDoApp.csproj", "{ED963E0B-D189-4DA0-A957-881821AB9E09}"
EndProject
Project("{FAE04EC0-301F-11D3-BF4B-00C04F79EFBC}") = "MyToDoApp.Api", "MyToDoApp.Api\MyToDoApp.Api.csproj", "{62EBC9AF-58BE-4385-B187-74DFDA851A6C}"
EndProject
Global
	GlobalSection(SolutionConfigurationPlatforms) = preSolution
		Debug|Any CPU = Debug|Any CPU
		Release|Any CPU = Release|Any CPU
	EndGlobalSection
	GlobalSection(ProjectConfigurationPlatforms) = postSolution
		{ED963E0B-D189-4DA0-A957-881821AB9E09}.Debug|Any CPU.ActiveCfg = Debug|Any CPU
		{ED963E0B-D189-4DA0-A957-881821AB9E09}.Debug|Any CPU.Build.0 = Debug|Any CPU
		{ED963E0B-D189-4DA0-A957-881821AB9E09}.Release|Any CPU.ActiveCfg = Release|Any CPU
		{ED963E0B-D189-4DA0-A957-881821AB9E09}.Release|Any CPU.Build.0 = Release|Any CPU
		{62EBC9AF-58BE-4385-B187-74DFDA851A6C}.Debug|Any CPU.ActiveCfg = Debug|Any CPU
		{62EBC9AF-58BE-4385-B187-74DFDA851A6C}.Debug|Any CPU.Build.0 = Debug|Any CPU
		{62EBC9AF-58BE-4385-B187-74DFDA851A6C}.Release|Any CPU.ActiveCfg = Release|Any CPU
		{62EBC9AF-58BE-4385-B187-74DFDA851A6C}.Release|Any CPU.Build.0 = Release|Any CPU
	EndGlobalSection
	GlobalSection(SolutionProperties) = preSolution
		HideSolutionNode = FALSE
	EndGlobalSection
	GlobalSection(ExtensibilityGlobals) = postSolution
		SolutionGuid = {BDBB0590-214C-4AA3-BFDD-DC2F2A6DF050}
	EndGlobalSection
EndGlobal
